
Microsoft Visual Studio Solution File, Format Version 12.00
# Visual Studio Version 16
VisualStudioVersion = 16.0.28922.388
MinimumVisualStudioVersion = 10.0.40219.1
Project("{FAE04EC0-301F-11D3-BF4B-00C04F79EFBC}") = "Binary Search Tree", "Binary Search Tree\Binary Search Tree.csproj", "{745D6149-BA2C-43AF-BB50-AF43501A2FDE}"
EndProject
Global
	GlobalSection(SolutionConfigurationPlatforms) = preSolution
		Debug|Any CPU = Debug|Any CPU
		Release|Any CPU = Release|Any CPU
	EndGlobalSection
	GlobalSection(ProjectConfigurationPlatforms) = postSolution
		{745D6149-BA2C-43AF-BB50-AF43501A2FDE}.Debug|Any CPU.ActiveCfg = Debug|Any CPU
		{745D6149-BA2C-43AF-BB50-AF43501A2FDE}.Debug|Any CPU.Build.0 = Debug|Any CPU
		{745D6149-BA2C-43AF-BB50-AF43501A2FDE}.Release|Any CPU.ActiveCfg = Release|Any CPU
		{745D6149-BA2C-43AF-BB50-AF43501A2FDE}.Release|Any CPU.Build.0 = Release|Any CPU
	EndGlobalSection
	GlobalSection(SolutionProperties) = preSolution
		HideSolutionNode = FALSE
	EndGlobalSection
	GlobalSection(ExtensibilityGlobals) = postSolution
		SolutionGuid = {DDA5724B-6029-4127-BB4A-2CC99378219E}
	EndGlobalSection
EndGlobal
